
Microsoft Visual Studio Solution File, Format Version 12.00
# Visual Studio 15
VisualStudioVersion = 15.0.27428.2011
MinimumVisualStudioVersion = 10.0.40219.1
Project("{8BC9CEB8-8B4A-11D0-8D11-00A0C91BC942}") = "Lost-in-time-Reworked", "Lost-in-time-Reworked\Lost-in-time-Reworked.vcxproj", "{39F5AEB8-DF7F-4CBC-9E0D-608C779EFBE7}"
EndProject
Global
	GlobalSection(SolutionConfigurationPlatforms) = preSolution
		Debug|x64 = Debug|x64
		Debug|x86 = Debug|x86
		Release|x64 = Release|x64
		Release|x86 = Release|x86
	EndGlobalSection
	GlobalSection(ProjectConfigurationPlatforms) = postSolution
		{39F5AEB8-DF7F-4CBC-9E0D-608C779EFBE7}.Debug|x64.ActiveCfg = Debug|x64
		{39F5AEB8-DF7F-4CBC-9E0D-608C779EFBE7}.Debug|x64.Build.0 = Debug|x64
		{39F5AEB8-DF7F-4CBC-9E0D-608C779EFBE7}.Debug|x86.ActiveCfg = Debug|Win32
		{39F5AEB8-DF7F-4CBC-9E0D-608C779EFBE7}.Debug|x86.Build.0 = Debug|Win32
		{39F5AEB8-DF7F-4CBC-9E0D-608C779EFBE7}.Release|x64.ActiveCfg = Release|x64
		{39F5AEB8-DF7F-4CBC-9E0D-608C779EFBE7}.Release|x64.Build.0 = Release|x64
		{39F5AEB8-DF7F-4CBC-9E0D-608C779EFBE7}.Release|x86.ActiveCfg = Release|Win32
		{39F5AEB8-DF7F-4CBC-9E0D-608C779EFBE7}.Release|x86.Build.0 = Release|Win32
	EndGlobalSection
	GlobalSection(SolutionProperties) = preSolution
		HideSolutionNode = FALSE
	EndGlobalSection
	GlobalSection(ExtensibilityGlobals) = postSolution
		SolutionGuid = {CD192838-EDF7-4289-B9EC-BEEDE138A569}
	EndGlobalSection
EndGlobal
